
Microsoft Visual Studio Solution File, Format Version 12.00
# Visual Studio Version 17
VisualStudioVersion = 17.9.34728.123
MinimumVisualStudioVersion = 10.0.40219.1
Project("{FAE04EC0-301F-11D3-BF4B-00C04F79EFBC}") = "TodoApi", "TodoApi\TodoApi.csproj", "{1829C306-9E4B-49EC-9AC2-DC365767ADDB}"
EndProject
Global
	GlobalSection(SolutionConfigurationPlatforms) = preSolution
		Debug|Any CPU = Debug|Any CPU
		Release|Any CPU = Release|Any CPU
	EndGlobalSection
	GlobalSection(ProjectConfigurationPlatforms) = postSolution
		{1829C306-9E4B-49EC-9AC2-DC365767ADDB}.Debug|Any CPU.ActiveCfg = Debug|Any CPU
		{1829C306-9E4B-49EC-9AC2-DC365767ADDB}.Debug|Any CPU.Build.0 = Debug|Any CPU
		{1829C306-9E4B-49EC-9AC2-DC365767ADDB}.Release|Any CPU.ActiveCfg = Release|Any CPU
		{1829C306-9E4B-49EC-9AC2-DC365767ADDB}.Release|Any CPU.Build.0 = Release|Any CPU
	EndGlobalSection
	GlobalSection(SolutionProperties) = preSolution
		HideSolutionNode = FALSE
	EndGlobalSection
	GlobalSection(ExtensibilityGlobals) = postSolution
		SolutionGuid = {DEB21C77-150E-4266-B4DC-CA2E02823E5C}
	EndGlobalSection
EndGlobal
